
Microsoft Visual Studio Solution File, Format Version 12.00
# Visual Studio Version 17
VisualStudioVersion = 17.0.31903.59
MinimumVisualStudioVersion = 10.0.40219.1
Project("{9A19103F-16F7-4668-BE54-9A1E7A4F7556}") = "CQRS.Core", "..\CQRS-ES\CQRS.Core\CQRS.Core.csproj", "{7A9C28B8-0F6A-4907-99D8-AD7092F5E22B}"
EndProject
Project("{2150E333-8FDC-42A3-9474-1A3956D46DE8}") = "Post.Cmd", "Post.Cmd", "{0AFB2FFF-47EB-4436-9936-F8663062B087}"
EndProject
Project("{9A19103F-16F7-4668-BE54-9A1E7A4F7556}") = "Post.Cmd.Api", "Post.Cmd\Post.Cmd.Api\Post.Cmd.Api.csproj", "{3478D4C8-FEB0-482E-9EE0-2E04655208E0}"
EndProject
Project("{9A19103F-16F7-4668-BE54-9A1E7A4F7556}") = "Post.Cmd.Domain", "Post.Cmd\Post.Cmd.Domain\Post.Cmd.Domain.csproj", "{379B42A2-65A5-4117-8C37-DF5EF390483F}"
EndProject
Project("{9A19103F-16F7-4668-BE54-9A1E7A4F7556}") = "Post.Cmd.Infrastructure", "Post.Cmd\Post.Cmd.Infrastructure\Post.Cmd.Infrastructure.csproj", "{1B36CD7C-66AF-4C80-9F3E-5BA050571CCF}"
EndProject
Project("{2150E333-8FDC-42A3-9474-1A3956D46DE8}") = "Post.Query", "Post.Query", "{E20F1C58-BD38-432D-BB3D-CF7B641F63D6}"
EndProject
Project("{9A19103F-16F7-4668-BE54-9A1E7A4F7556}") = "Post.Query.Api", "Post.Query\Post.Query.Api\Post.Query.Api.csproj", "{D3C38435-722F-4166-8F63-68055F7F2551}"
EndProject
Project("{9A19103F-16F7-4668-BE54-9A1E7A4F7556}") = "Post.Query.Domain", "Post.Query\Post.Query.Domain\Post.Query.Domain.csproj", "{131E20DE-C934-4A4B-AEDA-E093ED585B3C}"
EndProject
Project("{9A19103F-16F7-4668-BE54-9A1E7A4F7556}") = "Post.Query.Infrastructure", "Post.Query\Post.Query.Infrastructure\Post.Query.Infrastructure.csproj", "{D64984A7-AE9B-4676-965B-8CAF5A06C62D}"
EndProject
Project("{9A19103F-16F7-4668-BE54-9A1E7A4F7556}") = "Post.Common", "Post.Common\Post.Common.csproj", "{1224CE36-5F0C-404B-AE42-9DFB4A64F03A}"
EndProject
Project("{2150E333-8FDC-42A3-9474-1A3956D46DE8}") = "CQRS-ES", "CQRS-ES", "{686E40E5-5CB5-4CC3-BA2B-B7C2B184D78C}"
EndProject
Project("{2150E333-8FDC-42A3-9474-1A3956D46DE8}") = "SM-Post", "SM-Post", "{89C1A2DC-5A4A-4490-AC2D-A78CB1603807}"
EndProject
Global
	GlobalSection(SolutionConfigurationPlatforms) = preSolution
		Debug|Any CPU = Debug|Any CPU
		Release|Any CPU = Release|Any CPU
	EndGlobalSection
	GlobalSection(ProjectConfigurationPlatforms) = postSolution
		{7A9C28B8-0F6A-4907-99D8-AD7092F5E22B}.Debug|Any CPU.ActiveCfg = Debug|Any CPU
		{7A9C28B8-0F6A-4907-99D8-AD7092F5E22B}.Debug|Any CPU.Build.0 = Debug|Any CPU
		{7A9C28B8-0F6A-4907-99D8-AD7092F5E22B}.Release|Any CPU.ActiveCfg = Release|Any CPU
		{7A9C28B8-0F6A-4907-99D8-AD7092F5E22B}.Release|Any CPU.Build.0 = Release|Any CPU
		{3478D4C8-FEB0-482E-9EE0-2E04655208E0}.Debug|Any CPU.ActiveCfg = Debug|Any CPU
		{3478D4C8-FEB0-482E-9EE0-2E04655208E0}.Debug|Any CPU.Build.0 = Debug|Any CPU
		{3478D4C8-FEB0-482E-9EE0-2E04655208E0}.Release|Any CPU.ActiveCfg = Release|Any CPU
		{3478D4C8-FEB0-482E-9EE0-2E04655208E0}.Release|Any CPU.Build.0 = Release|Any CPU
		{379B42A2-65A5-4117-8C37-DF5EF390483F}.Debug|Any CPU.ActiveCfg = Debug|Any CPU
		{379B42A2-65A5-4117-8C37-DF5EF390483F}.Debug|Any CPU.Build.0 = Debug|Any CPU
		{379B42A2-65A5-4117-8C37-DF5EF390483F}.Release|Any CPU.ActiveCfg = Release|Any CPU
		{379B42A2-65A5-4117-8C37-DF5EF390483F}.Release|Any CPU.Build.0 = Release|Any CPU
		{1B36CD7C-66AF-4C80-9F3E-5BA050571CCF}.Debug|Any CPU.ActiveCfg = Debug|Any CPU
		{1B36CD7C-66AF-4C80-9F3E-5BA050571CCF}.Debug|Any CPU.Build.0 = Debug|Any CPU
		{1B36CD7C-66AF-4C80-9F3E-5BA050571CCF}.Release|Any CPU.ActiveCfg = Release|Any CPU
		{1B36CD7C-66AF-4C80-9F3E-5BA050571CCF}.Release|Any CPU.Build.0 = Release|Any CPU
		{D3C38435-722F-4166-8F63-68055F7F2551}.Debug|Any CPU.ActiveCfg = Debug|Any CPU
		{D3C38435-722F-4166-8F63-68055F7F2551}.Debug|Any CPU.Build.0 = Debug|Any CPU
		{D3C38435-722F-4166-8F63-68055F7F2551}.Release|Any CPU.ActiveCfg = Release|Any CPU
		{D3C38435-722F-4166-8F63-68055F7F2551}.Release|Any CPU.Build.0 = Release|Any CPU
		{131E20DE-C934-4A4B-AEDA-E093ED585B3C}.Debug|Any CPU.ActiveCfg = Debug|Any CPU
		{131E20DE-C934-4A4B-AEDA-E093ED585B3C}.Debug|Any CPU.Build.0 = Debug|Any CPU
		{131E20DE-C934-4A4B-AEDA-E093ED585B3C}.Release|Any CPU.ActiveCfg = Release|Any CPU
		{131E20DE-C934-4A4B-AEDA-E093ED585B3C}.Release|Any CPU.Build.0 = Release|Any CPU
		{D64984A7-AE9B-4676-965B-8CAF5A06C62D}.Debug|Any CPU.ActiveCfg = Debug|Any CPU
		{D64984A7-AE9B-4676-965B-8CAF5A06C62D}.Debug|Any CPU.Build.0 = Debug|Any CPU
		{D64984A7-AE9B-4676-965B-8CAF5A06C62D}.Release|Any CPU.ActiveCfg = Release|Any CPU
		{D64984A7-AE9B-4676-965B-8CAF5A06C62D}.Release|Any CPU.Build.0 = Release|Any CPU
		{1224CE36-5F0C-404B-AE42-9DFB4A64F03A}.Debug|Any CPU.ActiveCfg = Debug|Any CPU
		{1224CE36-5F0C-404B-AE42-9DFB4A64F03A}.Debug|Any CPU.Build.0 = Debug|Any CPU
		{1224CE36-5F0C-404B-AE42-9DFB4A64F03A}.Release|Any CPU.ActiveCfg = Release|Any CPU
		{1224CE36-5F0C-404B-AE42-9DFB4A64F03A}.Release|Any CPU.Build.0 = Release|Any CPU
	EndGlobalSection
	GlobalSection(SolutionProperties) = preSolution
		HideSolutionNode = FALSE
	EndGlobalSection
	GlobalSection(NestedProjects) = preSolution
		{7A9C28B8-0F6A-4907-99D8-AD7092F5E22B} = {686E40E5-5CB5-4CC3-BA2B-B7C2B184D78C}
		{0AFB2FFF-47EB-4436-9936-F8663062B087} = {89C1A2DC-5A4A-4490-AC2D-A78CB1603807}
		{3478D4C8-FEB0-482E-9EE0-2E04655208E0} = {0AFB2FFF-47EB-4436-9936-F8663062B087}
		{379B42A2-65A5-4117-8C37-DF5EF390483F} = {0AFB2FFF-47EB-4436-9936-F8663062B087}
		{1B36CD7C-66AF-4C80-9F3E-5BA050571CCF} = {0AFB2FFF-47EB-4436-9936-F8663062B087}
		{E20F1C58-BD38-432D-BB3D-CF7B641F63D6} = {89C1A2DC-5A4A-4490-AC2D-A78CB1603807}
		{D3C38435-722F-4166-8F63-68055F7F2551} = {E20F1C58-BD38-432D-BB3D-CF7B641F63D6}
		{131E20DE-C934-4A4B-AEDA-E093ED585B3C} = {E20F1C58-BD38-432D-BB3D-CF7B641F63D6}
		{D64984A7-AE9B-4676-965B-8CAF5A06C62D} = {E20F1C58-BD38-432D-BB3D-CF7B641F63D6}
		{1224CE36-5F0C-404B-AE42-9DFB4A64F03A} = {89C1A2DC-5A4A-4490-AC2D-A78CB1603807}
	EndGlobalSection
	GlobalSection(ExtensibilityGlobals) = postSolution
		SolutionGuid = {A9231FBD-AF31-4EF4-9FB7-6D73DC954F8C}
	EndGlobalSection
EndGlobal
